
Microsoft Visual Studio Solution File, Format Version 12.00
# Visual Studio Version 16
VisualStudioVersion = 16.0.30413.136
MinimumVisualStudioVersion = 10.0.40219.1
Project("{9A19103F-16F7-4668-BE54-9A1E7A4F7556}") = "PortaCapena.Authentication.NetCore", "PortaCapena.Authentication.NetCore\PortaCapena.Authentication.NetCore.csproj", "{393225C2-776D-4F8A-977E-02BF4005BC11}"
EndProject
Project("{2150E333-8FDC-42A3-9474-1A3956D46DE8}") = "Samples", "Samples", "{96D46B00-95DD-41E1-A0F4-13834A5A35A9}"
EndProject
Project("{FAE04EC0-301F-11D3-BF4B-00C04F79EFBC}") = "WebApi.Core", "Samples\WebApi.Core\WebApi.Core.csproj", "{65239675-A122-4ADD-8708-6B9CC325B0E3}"
EndProject
Global
	GlobalSection(SolutionConfigurationPlatforms) = preSolution
		Debug|Any CPU = Debug|Any CPU
		Release|Any CPU = Release|Any CPU
	EndGlobalSection
	GlobalSection(ProjectConfigurationPlatforms) = postSolution
		{393225C2-776D-4F8A-977E-02BF4005BC11}.Debug|Any CPU.ActiveCfg = Debug|Any CPU
		{393225C2-776D-4F8A-977E-02BF4005BC11}.Debug|Any CPU.Build.0 = Debug|Any CPU
		{393225C2-776D-4F8A-977E-02BF4005BC11}.Release|Any CPU.ActiveCfg = Release|Any CPU
		{393225C2-776D-4F8A-977E-02BF4005BC11}.Release|Any CPU.Build.0 = Release|Any CPU
		{65239675-A122-4ADD-8708-6B9CC325B0E3}.Debug|Any CPU.ActiveCfg = Debug|Any CPU
		{65239675-A122-4ADD-8708-6B9CC325B0E3}.Debug|Any CPU.Build.0 = Debug|Any CPU
		{65239675-A122-4ADD-8708-6B9CC325B0E3}.Release|Any CPU.ActiveCfg = Release|Any CPU
		{65239675-A122-4ADD-8708-6B9CC325B0E3}.Release|Any CPU.Build.0 = Release|Any CPU
	EndGlobalSection
	GlobalSection(SolutionProperties) = preSolution
		HideSolutionNode = FALSE
	EndGlobalSection
	GlobalSection(NestedProjects) = preSolution
		{65239675-A122-4ADD-8708-6B9CC325B0E3} = {96D46B00-95DD-41E1-A0F4-13834A5A35A9}
	EndGlobalSection
	GlobalSection(ExtensibilityGlobals) = postSolution
		SolutionGuid = {1ACCC1D9-A7C8-4C00-8CDD-3C7F860DD7A8}
	EndGlobalSection
EndGlobal
